
Microsoft Visual Studio Solution File, Format Version 12.00
# Visual Studio 15
VisualStudioVersion = 15.0.26730.16
MinimumVisualStudioVersion = 10.0.40219.1
Project("{FAE04EC0-301F-11D3-BF4B-00C04F79EFBC}") = "mmRebarSolidAndVisible_2015", "mmRebarSolidAndVisible_2015\mmRebarSolidAndVisible_2015.csproj", "{A2A4EDD9-3815-4159-8111-ECCB4D12E44B}"
EndProject
Project("{FAE04EC0-301F-11D3-BF4B-00C04F79EFBC}") = "mmRebarSolidAndVisible_2016", "mmRebarSolidAndVisible_2016\mmRebarSolidAndVisible_2016.csproj", "{14A122E6-CDA0-43C5-8DC6-75861C7E820A}"
EndProject
Project("{FAE04EC0-301F-11D3-BF4B-00C04F79EFBC}") = "mmRebarSolidAndVisible_2017", "mmRebarSolidAndVisible_2017\mmRebarSolidAndVisible_2017.csproj", "{00F05DAA-A0A6-4EAB-8587-07F01898C457}"
EndProject
Project("{FAE04EC0-301F-11D3-BF4B-00C04F79EFBC}") = "mmRebarSolidAndVisible_2018", "mmRebarSolidAndVisible_2018\mmRebarSolidAndVisible_2018.csproj", "{19C497CC-4FA3-4233-A826-06AAD2A6B6E7}"
EndProject
Global
	GlobalSection(SolutionConfigurationPlatforms) = preSolution
		Debug|Any CPU = Debug|Any CPU
		Release|Any CPU = Release|Any CPU
	EndGlobalSection
	GlobalSection(ProjectConfigurationPlatforms) = postSolution
		{A2A4EDD9-3815-4159-8111-ECCB4D12E44B}.Debug|Any CPU.ActiveCfg = Debug|Any CPU
		{A2A4EDD9-3815-4159-8111-ECCB4D12E44B}.Debug|Any CPU.Build.0 = Debug|Any CPU
		{A2A4EDD9-3815-4159-8111-ECCB4D12E44B}.Release|Any CPU.ActiveCfg = Release|Any CPU
		{A2A4EDD9-3815-4159-8111-ECCB4D12E44B}.Release|Any CPU.Build.0 = Release|Any CPU
		{14A122E6-CDA0-43C5-8DC6-75861C7E820A}.Debug|Any CPU.ActiveCfg = Debug|Any CPU
		{14A122E6-CDA0-43C5-8DC6-75861C7E820A}.Debug|Any CPU.Build.0 = Debug|Any CPU
		{14A122E6-CDA0-43C5-8DC6-75861C7E820A}.Release|Any CPU.ActiveCfg = Release|Any CPU
		{14A122E6-CDA0-43C5-8DC6-75861C7E820A}.Release|Any CPU.Build.0 = Release|Any CPU
		{00F05DAA-A0A6-4EAB-8587-07F01898C457}.Debug|Any CPU.ActiveCfg = Debug|Any CPU
		{00F05DAA-A0A6-4EAB-8587-07F01898C457}.Debug|Any CPU.Build.0 = Debug|Any CPU
		{00F05DAA-A0A6-4EAB-8587-07F01898C457}.Release|Any CPU.ActiveCfg = Release|Any CPU
		{00F05DAA-A0A6-4EAB-8587-07F01898C457}.Release|Any CPU.Build.0 = Release|Any CPU
		{19C497CC-4FA3-4233-A826-06AAD2A6B6E7}.Debug|Any CPU.ActiveCfg = Debug|Any CPU
		{19C497CC-4FA3-4233-A826-06AAD2A6B6E7}.Debug|Any CPU.Build.0 = Debug|Any CPU
		{19C497CC-4FA3-4233-A826-06AAD2A6B6E7}.Release|Any CPU.ActiveCfg = Release|Any CPU
		{19C497CC-4FA3-4233-A826-06AAD2A6B6E7}.Release|Any CPU.Build.0 = Release|Any CPU
	EndGlobalSection
	GlobalSection(SolutionProperties) = preSolution
		HideSolutionNode = FALSE
	EndGlobalSection
	GlobalSection(ExtensibilityGlobals) = postSolution
		SolutionGuid = {904D32AF-0591-4A23-8935-C68558BCE386}
	EndGlobalSection
EndGlobal
